// !$*UTF8*$!
{
	archiveVersion = 1;
	classes = {
	};
	objectVersion = 55;
	objects = {

/* Begin PBXBuildFile section */
		F5916DA127B6B61800B69572 /* UserModel.swift in Sources */ = {isa = PBXBuildFile; fileRef = F5916DA027B6B61800B69572 /* UserModel.swift */; };
		F5942B4427B7E3B30029781B /* TabViewController.swift in Sources */ = {isa = PBXBuildFile; fileRef = F5942B4327B7E3B30029781B /* TabViewController.swift */; };
		F5942B4827B7E5C80029781B /* AppGlobal.swift in Sources */ = {isa = PBXBuildFile; fileRef = F5942B4727B7E5C80029781B /* AppGlobal.swift */; };
		F59DA41327B91F130063A2AC /* StartPageViewController.swift in Sources */ = {isa = PBXBuildFile; fileRef = F59DA41227B91F130063A2AC /* StartPageViewController.swift */; };
		F5CA6DF227BBD2A400E10242 /* GroupTableCell.swift in Sources */ = {isa = PBXBuildFile; fileRef = F5CA6DF127BBD2A400E10242 /* GroupTableCell.swift */; };
		F5EEC6BA27B56A2400149150 /* AppDelegate.swift in Sources */ = {isa = PBXBuildFile; fileRef = F5EEC6B927B56A2400149150 /* AppDelegate.swift */; };
		F5EEC6BC27B56A2400149150 /* SceneDelegate.swift in Sources */ = {isa = PBXBuildFile; fileRef = F5EEC6BB27B56A2400149150 /* SceneDelegate.swift */; };
		F5EEC6C327B56A2800149150 /* Assets.xcassets in Resources */ = {isa = PBXBuildFile; fileRef = F5EEC6C227B56A2800149150 /* Assets.xcassets */; };
		F5EEC6C627B56A2800149150 /* LaunchScreen.storyboard in Resources */ = {isa = PBXBuildFile; fileRef = F5EEC6C427B56A2800149150 /* LaunchScreen.storyboard */; };
		F5EEC6CE27B56A7600149150 /* ContactsViewController.swift in Sources */ = {isa = PBXBuildFile; fileRef = F5EEC6CD27B56A7600149150 /* ContactsViewController.swift */; };
		F5EEC6D027B56CAC00149150 /* ChatViewController.swift in Sources */ = {isa = PBXBuildFile; fileRef = F5EEC6CF27B56CAC00149150 /* ChatViewController.swift */; };
		F5EEC6D227B56D4B00149150 /* SettingsViewController.swift in Sources */ = {isa = PBXBuildFile; fileRef = F5EEC6D127B56D4B00149150 /* SettingsViewController.swift */; };
/* End PBXBuildFile section */

/* Begin PBXFileReference section */
		F5916DA027B6B61800B69572 /* UserModel.swift */ = {isa = PBXFileReference; lastKnownFileType = sourcecode.swift; path = UserModel.swift; sourceTree = "<group>"; };
		F5942B4327B7E3B30029781B /* TabViewController.swift */ = {isa = PBXFileReference; lastKnownFileType = sourcecode.swift; path = TabViewController.swift; sourceTree = "<group>"; };
		F5942B4727B7E5C80029781B /* AppGlobal.swift */ = {isa = PBXFileReference; lastKnownFileType = sourcecode.swift; path = AppGlobal.swift; sourceTree = "<group>"; };
		F59DA41227B91F130063A2AC /* StartPageViewController.swift */ = {isa = PBXFileReference; lastKnownFileType = sourcecode.swift; path = StartPageViewController.swift; sourceTree = "<group>"; };
		F5CA6DF127BBD2A400E10242 /* GroupTableCell.swift */ = {isa = PBXFileReference; lastKnownFileType = sourcecode.swift; path = GroupTableCell.swift; sourceTree = "<group>"; };
		F5EEC6B627B56A2400149150 /* Messenger.app */ = {isa = PBXFileReference; explicitFileType = wrapper.application; includeInIndex = 0; path = Messenger.app; sourceTree = BUILT_PRODUCTS_DIR; };
		F5EEC6B927B56A2400149150 /* AppDelegate.swift */ = {isa = PBXFileReference; lastKnownFileType = sourcecode.swift; path = AppDelegate.swift; sourceTree = "<group>"; };
		F5EEC6BB27B56A2400149150 /* SceneDelegate.swift */ = {isa = PBXFileReference; lastKnownFileType = sourcecode.swift; path = SceneDelegate.swift; sourceTree = "<group>"; };
		F5EEC6C227B56A2800149150 /* Assets.xcassets */ = {isa = PBXFileReference; lastKnownFileType = folder.assetcatalog; path = Assets.xcassets; sourceTree = "<group>"; };
		F5EEC6C527B56A2800149150 /* Base */ = {isa = PBXFileReference; lastKnownFileType = file.storyboard; name = Base; path = Base.lproj/LaunchScreen.storyboard; sourceTree = "<group>"; };
		F5EEC6C727B56A2800149150 /* Info.plist */ = {isa = PBXFileReference; lastKnownFileType = text.plist.xml; path = Info.plist; sourceTree = "<group>"; };
		F5EEC6CD27B56A7600149150 /* ContactsViewController.swift */ = {isa = PBXFileReference; lastKnownFileType = sourcecode.swift; path = ContactsViewController.swift; sourceTree = "<group>"; };
		F5EEC6CF27B56CAC00149150 /* ChatViewController.swift */ = {isa = PBXFileReference; lastKnownFileType = sourcecode.swift; path = ChatViewController.swift; sourceTree = "<group>"; };
		F5EEC6D127B56D4B00149150 /* SettingsViewController.swift */ = {isa = PBXFileReference; lastKnownFileType = sourcecode.swift; path = SettingsViewController.swift; sourceTree = "<group>"; };
/* End PBXFileReference section */

/* Begin PBXFrameworksBuildPhase section */
		F5EEC6B327B56A2400149150 /* Frameworks */ = {
			isa = PBXFrameworksBuildPhase;
			buildActionMask = 2147483647;
			files = (
			);
			runOnlyForDeploymentPostprocessing = 0;
		};
/* End PBXFrameworksBuildPhase section */

/* Begin PBXGroup section */
		F5942B4527B7E4F80029781B /* Models */ = {
			isa = PBXGroup;
			children = (
				F5916DA027B6B61800B69572 /* UserModel.swift */,
			);
			path = Models;
			sourceTree = "<group>";
		};
		F5942B4627B7E5050029781B /* Controllers */ = {
			isa = PBXGroup;
			children = (
				F5942B4327B7E3B30029781B /* TabViewController.swift */,
				F5EEC6CD27B56A7600149150 /* ContactsViewController.swift */,
				F5EEC6CF27B56CAC00149150 /* ChatViewController.swift */,
				F5EEC6D127B56D4B00149150 /* SettingsViewController.swift */,
				F59DA41227B91F130063A2AC /* StartPageViewController.swift */,
			);
			path = Controllers;
			sourceTree = "<group>";
		};
		F5EEC6AD27B56A2400149150 = {
			isa = PBXGroup;
			children = (
				F5EEC6B827B56A2400149150 /* Messenger */,
				F5EEC6B727B56A2400149150 /* Products */,
			);
			sourceTree = "<group>";
		};
		F5EEC6B727B56A2400149150 /* Products */ = {
			isa = PBXGroup;
			children = (
				F5EEC6B627B56A2400149150 /* Messenger.app */,
			);
			name = Products;
			sourceTree = "<group>";
		};
		F5EEC6B827B56A2400149150 /* Messenger */ = {
			isa = PBXGroup;
			children = (
				F5EEC6B927B56A2400149150 /* AppDelegate.swift */,
				F5EEC6BB27B56A2400149150 /* SceneDelegate.swift */,
				F5EEC6C227B56A2800149150 /* Assets.xcassets */,
				F5EEC6C427B56A2800149150 /* LaunchScreen.storyboard */,
				F5EEC6C727B56A2800149150 /* Info.plist */,
				F5942B4727B7E5C80029781B /* AppGlobal.swift */,
				F5942B4627B7E5050029781B /* Controllers */,
				F5942B4527B7E4F80029781B /* Models */,
				F5CA6DF127BBD2A400E10242 /* GroupTableCell.swift */,
			);
			path = Messenger;
			sourceTree = "<group>";
		};
/* End PBXGroup section */

/* Begin PBXNativeTarget section */
		F5EEC6B527B56A2400149150 /* Messenger */ = {
			isa = PBXNativeTarget;
			buildConfigurationList = F5EEC6CA27B56A2800149150 /* Build configuration list for PBXNativeTarget "Messenger" */;
			buildPhases = (
				F5EEC6B227B56A2400149150 /* Sources */,
				F5EEC6B327B56A2400149150 /* Frameworks */,
				F5EEC6B427B56A2400149150 /* Resources */,
			);
			buildRules = (
			);
			dependencies = (
			);
			name = Messenger;
			productName = Messenger;
			productReference = F5EEC6B627B56A2400149150 /* Messenger.app */;
			productType = "com.apple.product-type.application";
		};
/* End PBXNativeTarget section */

/* Begin PBXProject section */
		F5EEC6AE27B56A2400149150 /* Project object */ = {
			isa = PBXProject;
			attributes = {
				BuildIndependentTargetsInParallel = 1;
				LastSwiftUpdateCheck = 1320;
				LastUpgradeCheck = 1320;
				TargetAttributes = {
					F5EEC6B527B56A2400149150 = {
						CreatedOnToolsVersion = 13.2.1;
					};
				};
			};
			buildConfigurationList = F5EEC6B127B56A2400149150 /* Build configuration list for PBXProject "Messenger" */;
			compatibilityVersion = "Xcode 13.0";
			developmentRegion = en;
			hasScannedForEncodings = 0;
			knownRegions = (
				en,
				Base,
			);
			mainGroup = F5EEC6AD27B56A2400149150;
			productRefGroup = F5EEC6B727B56A2400149150 /* Products */;
			projectDirPath = "";
			projectRoot = "";
			targets = (
				F5EEC6B527B56A2400149150 /* Messenger */,
			);
		};
/* End PBXProject section */

/* Begin PBXResourcesBuildPhase section */
		F5EEC6B427B56A2400149150 /* Resources */ = {
			isa = PBXResourcesBuildPhase;
			buildActionMask = 2147483647;
			files = (
				F5EEC6C627B56A2800149150 /* LaunchScreen.storyboard in Resources */,
				F5EEC6C327B56A2800149150 /* Assets.xcassets in Resources */,
			);
			runOnlyForDeploymentPostprocessing = 0;
		};
/* End PBXResourcesBuildPhase section */

/* Begin PBXSourcesBuildPhase section */
		F5EEC6B227B56A2400149150 /* Sources */ = {
			isa = PBXSourcesBuildPhase;
			buildActionMask = 2147483647;
			files = (
				F59DA41327B91F130063A2AC /* StartPageViewController.swift in Sources */,
				F5942B4427B7E3B30029781B /* TabViewController.swift in Sources */,
				F5EEC6CE27B56A7600149150 /* ContactsViewController.swift in Sources */,
				F5EEC6BA27B56A2400149150 /* AppDelegate.swift in Sources */,
				F5EEC6D027B56CAC00149150 /* ChatViewController.swift in Sources */,
				F5942B4827B7E5C80029781B /* AppGlobal.swift in Sources */,
				F5EEC6D227B56D4B00149150 /* SettingsViewController.swift in Sources */,
				F5916DA127B6B61800B69572 /* UserModel.swift in Sources */,
				F5CA6DF227BBD2A400E10242 /* GroupTableCell.swift in Sources */,
				F5EEC6BC27B56A2400149150 /* SceneDelegate.swift in Sources */,
			);
			runOnlyForDeploymentPostprocessing = 0;
		};
/* End PBXSourcesBuildPhase section */

/* Begin PBXVariantGroup section */
		F5EEC6C427B56A2800149150 /* LaunchScreen.storyboard */ = {
			isa = PBXVariantGroup;
			children = (
				F5EEC6C527B56A2800149150 /* Base */,
			);
			name = LaunchScreen.storyboard;
			sourceTree = "<group>";
		};
/* End PBXVariantGroup section */

/* Begin XCBuildConfiguration section */
		F5EEC6C827B56A2800149150 /* Debug */ = {
			isa = XCBuildConfiguration;
			buildSettings = {
				ALWAYS_SEARCH_USER_PATHS = NO;
				CLANG_ANALYZER_NONNULL = YES;
				CLANG_ANALYZER_NUMBER_OBJECT_CONVERSION = YES_AGGRESSIVE;
				CLANG_CXX_LANGUAGE_STANDARD = "gnu++17";
				CLANG_CXX_LIBRARY = "libc++";
				CLANG_ENABLE_MODULES = YES;
				CLANG_ENABLE_OBJC_ARC = YES;
				CLANG_ENABLE_OBJC_WEAK = YES;
				CLANG_WARN_BLOCK_CAPTURE_AUTORELEASING = YES;
				CLANG_WARN_BOOL_CONVERSION = YES;
				CLANG_WARN_COMMA = YES;
				CLANG_WARN_CONSTANT_CONVERSION = YES;
				CLANG_WARN_DEPRECATED_OBJC_IMPLEMENTATIONS = YES;
				CLANG_WARN_DIRECT_OBJC_ISA_USAGE = YES_ERROR;
				CLANG_WARN_DOCUMENTATION_COMMENTS = YES;
				CLANG_WARN_EMPTY_BODY = YES;
				CLANG_WARN_ENUM_CONVERSION = YES;
				CLANG_WARN_INFINITE_RECURSION = YES;
				CLANG_WARN_INT_CONVERSION = YES;
				CLANG_WARN_NON_LITERAL_NULL_CONVERSION = YES;
				CLANG_WARN_OBJC_IMPLICIT_RETAIN_SELF = YES;
				CLANG_WARN_OBJC_LITERAL_CONVERSION = YES;
				CLANG_WARN_OBJC_ROOT_CLASS = YES_ERROR;
				CLANG_WARN_QUOTED_INCLUDE_IN_FRAMEWORK_HEADER = YES;
				CLANG_WARN_RANGE_LOOP_ANALYSIS = YES;
				CLANG_WARN_STRICT_PROTOTYPES = YES;
				CLANG_WARN_SUSPICIOUS_MOVE = YES;
				CLANG_WARN_UNGUARDED_AVAILABILITY = YES_AGGRESSIVE;
				CLANG_WARN_UNREACHABLE_CODE = YES;
				CLANG_WARN__DUPLICATE_METHOD_MATCH = YES;
				COPY_PHASE_STRIP = NO;
				DEBUG_INFORMATION_FORMAT = dwarf;
				ENABLE_STRICT_OBJC_MSGSEND = YES;
				ENABLE_TESTABILITY = YES;
				GCC_C_LANGUAGE_STANDARD = gnu11;
				GCC_DYNAMIC_NO_PIC = NO;
				GCC_NO_COMMON_BLOCKS = YES;
				GCC_OPTIMIZATION_LEVEL = 0;
				GCC_PREPROCESSOR_DEFINITIONS = (
					"DEBUG=1",
					"$(inherited)",
				);
				GCC_WARN_64_TO_32_BIT_CONVERSION = YES;
				GCC_WARN_ABOUT_RETURN_TYPE = YES_ERROR;
				GCC_WARN_UNDECLARED_SELECTOR = YES;
				GCC_WARN_UNINITIALIZED_AUTOS = YES_AGGRESSIVE;
				GCC_WARN_UNUSED_FUNCTION = YES;
				GCC_WARN_UNUSED_VARIABLE = YES;
				IPHONEOS_DEPLOYMENT_TARGET = 15.2;
				MTL_ENABLE_DEBUG_INFO = INCLUDE_SOURCE;
				MTL_FAST_MATH = YES;
				ONLY_ACTIVE_ARCH = YES;
				SDKROOT = iphoneos;
				SWIFT_ACTIVE_COMPILATION_CONDITIONS = DEBUG;
				SWIFT_OPTIMIZATION_LEVEL = "-Onone";
			};
			name = Debug;
		};
		F5EEC6C927B56A2800149150 /* Release */ = {
			isa = XCBuildConfiguration;
			buildSettings = {
				ALWAYS_SEARCH_USER_PATHS = NO;
				CLANG_ANALYZER_NONNULL = YES;
				CLANG_ANALYZER_NUMBER_OBJECT_CONVERSION = YES_AGGRESSIVE;
				CLANG_CXX_LANGUAGE_STANDARD = "gnu++17";
				CLANG_CXX_LIBRARY = "libc++";
				CLANG_ENABLE_MODULES = YES;
				CLANG_ENABLE_OBJC_ARC = YES;
				CLANG_ENABLE_OBJC_WEAK = YES;
				CLANG_WARN_BLOCK_CAPTURE_AUTORELEASING = YES;
				CLANG_WARN_BOOL_CONVERSION = YES;
				CLANG_WARN_COMMA = YES;
				CLANG_WARN_CONSTANT_CONVERSION = YES;
				CLANG_WARN_DEPRECATED_OBJC_IMPLEMENTATIONS = YES;
				CLANG_WARN_DIRECT_OBJC_ISA_USAGE = YES_ERROR;
				CLANG_WARN_DOCUMENTATION_COMMENTS = YES;
				CLANG_WARN_EMPTY_BODY = YES;
				CLANG_WARN_ENUM_CONVERSION = YES;
				CLANG_WARN_INFINITE_RECURSION = YES;
				CLANG_WARN_INT_CONVERSION = YES;
				CLANG_WARN_NON_LITERAL_NULL_CONVERSION = YES;
				CLANG_WARN_OBJC_IMPLICIT_RETAIN_SELF = YES;
				CLANG_WARN_OBJC_LITERAL_CONVERSION = YES;
				CLANG_WARN_OBJC_ROOT_CLASS = YES_ERROR;
				CLANG_WARN_QUOTED_INCLUDE_IN_FRAMEWORK_HEADER = YES;
				CLANG_WARN_RANGE_LOOP_ANALYSIS = YES;
				CLANG_WARN_STRICT_PROTOTYPES = YES;
				CLANG_WARN_SUSPICIOUS_MOVE = YES;
				CLANG_WARN_UNGUARDED_AVAILABILITY = YES_AGGRESSIVE;
				CLANG_WARN_UNREACHABLE_CODE = YES;
				CLANG_WARN__DUPLICATE_METHOD_MATCH = YES;
				COPY_PHASE_STRIP = NO;
				DEBUG_INFORMATION_FORMAT = "dwarf-with-dsym";
				ENABLE_NS_ASSERTIONS = NO;
				ENABLE_STRICT_OBJC_MSGSEND = YES;
				GCC_C_LANGUAGE_STANDARD = gnu11;
				GCC_NO_COMMON_BLOCKS = YES;
				GCC_WARN_64_TO_32_BIT_CONVERSION = YES;
				GCC_WARN_ABOUT_RETURN_TYPE = YES_ERROR;
				GCC_WARN_UNDECLARED_SELECTOR = YES;
				GCC_WARN_UNINITIALIZED_AUTOS = YES_AGGRESSIVE;
				GCC_WARN_UNUSED_FUNCTION = YES;
				GCC_WARN_UNUSED_VARIABLE = YES;
				IPHONEOS_DEPLOYMENT_TARGET = 15.2;
				MTL_ENABLE_DEBUG_INFO = NO;
				MTL_FAST_MATH = YES;
				SDKROOT = iphoneos;
				SWIFT_COMPILATION_MODE = wholemodule;
				SWIFT_OPTIMIZATION_LEVEL = "-O";
				VALIDATE_PRODUCT = YES;
			};
			name = Release;
		};
		F5EEC6CB27B56A2800149150 /* Debug */ = {
			isa = XCBuildConfiguration;
			buildSettings = {
				ASSETCATALOG_COMPILER_APPICON_NAME = AppIcon;
				ASSETCATALOG_COMPILER_GLOBAL_ACCENT_COLOR_NAME = AccentColor;
				CODE_SIGN_STYLE = Automatic;
				CURRENT_PROJECT_VERSION = 1;
				DEVELOPMENT_TEAM = AFS969NTYY;
				GENERATE_INFOPLIST_FILE = YES;
				INFOPLIST_FILE = Messenger/Info.plist;
				INFOPLIST_KEY_UIApplicationSupportsIndirectInputEvents = YES;
				INFOPLIST_KEY_UILaunchStoryboardName = LaunchScreen;
				INFOPLIST_KEY_UISupportedInterfaceOrientations_iPad = "UIInterfaceOrientationPortrait UIInterfaceOrientationPortraitUpsideDown UIInterfaceOrientationLandscapeLeft UIInterfaceOrientationLandscapeRight";
				INFOPLIST_KEY_UISupportedInterfaceOrientations_iPhone = "UIInterfaceOrientationPortrait UIInterfaceOrientationLandscapeLeft UIInterfaceOrientationLandscapeRight";
				LD_RUNPATH_SEARCH_PATHS = (
					"$(inherited)",
					"@executable_path/Frameworks",
				);
				MARKETING_VERSION = 1.0;
				PRODUCT_BUNDLE_IDENTIFIER = com.mishasamoylov.Messenger;
				PRODUCT_NAME = "$(TARGET_NAME)";
				SWIFT_EMIT_LOC_STRINGS = YES;
				SWIFT_VERSION = 5.0;
				TARGETED_DEVICE_FAMILY = "1,2";
			};
			name = Debug;
		};
		F5EEC6CC27B56A2800149150 /* Release */ = {
			isa = XCBuildConfiguration;
			buildSettings = {
				ASSETCATALOG_COMPILER_APPICON_NAME = AppIcon;
				ASSETCATALOG_COMPILER_GLOBAL_ACCENT_COLOR_NAME = AccentColor;
				CODE_SIGN_STYLE = Automatic;
				CURRENT_PROJECT_VERSION = 1;
				DEVELOPMENT_TEAM = AFS969NTYY;
				GENERATE_INFOPLIST_FILE = YES;
				INFOPLIST_FILE = Messenger/Info.plist;
				INFOPLIST_KEY_UIApplicationSupportsIndirectInputEvents = YES;
				INFOPLIST_KEY_UILaunchStoryboardName = LaunchScreen;
				INFOPLIST_KEY_UISupportedInterfaceOrientations_iPad = "UIInterfaceOrientationPortrait UIInterfaceOrientationPortraitUpsideDown UIInterfaceOrientationLandscapeLeft UIInterfaceOrientationLandscapeRight";
				INFOPLIST_KEY_UISupportedInterfaceOrientations_iPhone = "UIInterfaceOrientationPortrait UIInterfaceOrientationLandscapeLeft UIInterfaceOrientationLandscapeRight";
				LD_RUNPATH_SEARCH_PATHS = (
					"$(inherited)",
					"@executable_path/Frameworks",
				);
				MARKETING_VERSION = 1.0;
				PRODUCT_BUNDLE_IDENTIFIER = com.mishasamoylov.Messenger;
				PRODUCT_NAME = "$(TARGET_NAME)";
				SWIFT_EMIT_LOC_STRINGS = YES;
				SWIFT_VERSION = 5.0;
				TARGETED_DEVICE_FAMILY = "1,2";
			};
			name = Release;
		};
/* End XCBuildConfiguration section */

/* Begin XCConfigurationList section */
		F5EEC6B127B56A2400149150 /* Build configuration list for PBXProject "Messenger" */ = {
			isa = XCConfigurationList;
			buildConfigurations = (
				F5EEC6C827B56A2800149150 /* Debug */,
				F5EEC6C927B56A2800149150 /* Release */,
			);
			defaultConfigurationIsVisible = 0;
			defaultConfigurationName = Release;
		};
		F5EEC6CA27B56A2800149150 /* Build configuration list for PBXNativeTarget "Messenger" */ = {
			isa = XCConfigurationList;
			buildConfigurations = (
				F5EEC6CB27B56A2800149150 /* Debug */,
				F5EEC6CC27B56A2800149150 /* Release */,
			);
			defaultConfigurationIsVisible = 0;
			defaultConfigurationName = Release;
		};
/* End XCConfigurationList section */
	};
	rootObject = F5EEC6AE27B56A2400149150 /* Project object */;
}
